
Microsoft Visual Studio Solution File, Format Version 12.00
# Visual Studio Version 17
VisualStudioVersion = 17.5.33516.290
MinimumVisualStudioVersion = 10.0.40219.1
Project("{FAE04EC0-301F-11D3-BF4B-00C04F79EFBC}") = "SoumaDownloader", "SoumaDownloader\SoumaDownloader.csproj", "{5DE614E2-9407-4A10-AD2C-C33D991E539E}"
EndProject
Global
	GlobalSection(SolutionConfigurationPlatforms) = preSolution
		Debug|Any CPU = Debug|Any CPU
		Debug|ARM = Debug|ARM
		Debug|ARM64 = Debug|ARM64
		Debug|x64 = Debug|x64
		Debug|x86 = Debug|x86
		Release|Any CPU = Release|Any CPU
		Release|ARM = Release|ARM
		Release|ARM64 = Release|ARM64
		Release|x64 = Release|x64
		Release|x86 = Release|x86
	EndGlobalSection
	GlobalSection(ProjectConfigurationPlatforms) = postSolution
		{5DE614E2-9407-4A10-AD2C-C33D991E539E}.Debug|Any CPU.ActiveCfg = Debug|Any CPU
		{5DE614E2-9407-4A10-AD2C-C33D991E539E}.Debug|Any CPU.Build.0 = Debug|Any CPU
		{5DE614E2-9407-4A10-AD2C-C33D991E539E}.Debug|ARM.ActiveCfg = Debug|Any CPU
		{5DE614E2-9407-4A10-AD2C-C33D991E539E}.Debug|ARM.Build.0 = Debug|Any CPU
		{5DE614E2-9407-4A10-AD2C-C33D991E539E}.Debug|ARM64.ActiveCfg = Debug|Any CPU
		{5DE614E2-9407-4A10-AD2C-C33D991E539E}.Debug|ARM64.Build.0 = Debug|Any CPU
		{5DE614E2-9407-4A10-AD2C-C33D991E539E}.Debug|x64.ActiveCfg = Debug|Any CPU
		{5DE614E2-9407-4A10-AD2C-C33D991E539E}.Debug|x64.Build.0 = Debug|Any CPU
		{5DE614E2-9407-4A10-AD2C-C33D991E539E}.Debug|x86.ActiveCfg = Debug|Any CPU
		{5DE614E2-9407-4A10-AD2C-C33D991E539E}.Debug|x86.Build.0 = Debug|Any CPU
		{5DE614E2-9407-4A10-AD2C-C33D991E539E}.Release|Any CPU.ActiveCfg = Release|Any CPU
		{5DE614E2-9407-4A10-AD2C-C33D991E539E}.Release|Any CPU.Build.0 = Release|Any CPU
		{5DE614E2-9407-4A10-AD2C-C33D991E539E}.Release|ARM.ActiveCfg = Release|Any CPU
		{5DE614E2-9407-4A10-AD2C-C33D991E539E}.Release|ARM.Build.0 = Release|Any CPU
		{5DE614E2-9407-4A10-AD2C-C33D991E539E}.Release|ARM64.ActiveCfg = Release|Any CPU
		{5DE614E2-9407-4A10-AD2C-C33D991E539E}.Release|ARM64.Build.0 = Release|Any CPU
		{5DE614E2-9407-4A10-AD2C-C33D991E539E}.Release|x64.ActiveCfg = Release|Any CPU
		{5DE614E2-9407-4A10-AD2C-C33D991E539E}.Release|x64.Build.0 = Release|Any CPU
		{5DE614E2-9407-4A10-AD2C-C33D991E539E}.Release|x86.ActiveCfg = Release|Any CPU
		{5DE614E2-9407-4A10-AD2C-C33D991E539E}.Release|x86.Build.0 = Release|Any CPU
	EndGlobalSection
	GlobalSection(SolutionProperties) = preSolution
		HideSolutionNode = FALSE
	EndGlobalSection
	GlobalSection(ExtensibilityGlobals) = postSolution
		SolutionGuid = {088477A1-81BC-480F-AF28-3B71E4800F05}
	EndGlobalSection
EndGlobal
